
Microsoft Visual Studio Solution File, Format Version 12.00
# Visual Studio 15
VisualStudioVersion = 15.0.27130.2036
MinimumVisualStudioVersion = 10.0.40219.1
Project("{9A19103F-16F7-4668-BE54-9A1E7A4F7556}") = "AbstractFactory", "AbstractFactory\AbstractFactory.csproj", "{ED737E31-44AC-4D70-BC5F-D9540D9E0959}"
EndProject
Project("{9A19103F-16F7-4668-BE54-9A1E7A4F7556}") = "FactoryPatternMethod", "FactoryPatternMethod\FactoryPatternMethod.csproj", "{8572D452-A7F7-4CAE-9779-C4717CC9DA39}"
EndProject
Project("{9A19103F-16F7-4668-BE54-9A1E7A4F7556}") = "DesingPatterns", "DesingPatterns\DesingPatterns.csproj", "{3C09DDD1-A21C-4267-B525-873DB4CDC793}"
EndProject
Project("{9A19103F-16F7-4668-BE54-9A1E7A4F7556}") = "Singleton", "Singleton\Singleton.csproj", "{0B760BCA-ED42-4CE3-90CF-A19BDAC0F673}"
EndProject
Project("{2150E333-8FDC-42A3-9474-1A3956D46DE8}") = "TestProjects", "TestProjects", "{AE11BD0E-144D-4032-B101-D22CD091E250}"
EndProject
Project("{FAE04EC0-301F-11D3-BF4B-00C04F79EFBC}") = "DecoratorTestProject", "DecoratorTestProject\DecoratorTestProject.csproj", "{1B66F961-C700-435B-A1F3-1B0F1412C709}"
EndProject
Project("{FAE04EC0-301F-11D3-BF4B-00C04F79EFBC}") = "Decorator", "Decorator\Decorator.csproj", "{9B51575A-CB4B-4562-B974-244B47E08EC5}"
EndProject
Global
	GlobalSection(SolutionConfigurationPlatforms) = preSolution
		Debug|Any CPU = Debug|Any CPU
		Release|Any CPU = Release|Any CPU
	EndGlobalSection
	GlobalSection(ProjectConfigurationPlatforms) = postSolution
		{ED737E31-44AC-4D70-BC5F-D9540D9E0959}.Debug|Any CPU.ActiveCfg = Debug|Any CPU
		{ED737E31-44AC-4D70-BC5F-D9540D9E0959}.Debug|Any CPU.Build.0 = Debug|Any CPU
		{ED737E31-44AC-4D70-BC5F-D9540D9E0959}.Release|Any CPU.ActiveCfg = Release|Any CPU
		{ED737E31-44AC-4D70-BC5F-D9540D9E0959}.Release|Any CPU.Build.0 = Release|Any CPU
		{8572D452-A7F7-4CAE-9779-C4717CC9DA39}.Debug|Any CPU.ActiveCfg = Debug|Any CPU
		{8572D452-A7F7-4CAE-9779-C4717CC9DA39}.Debug|Any CPU.Build.0 = Debug|Any CPU
		{8572D452-A7F7-4CAE-9779-C4717CC9DA39}.Release|Any CPU.ActiveCfg = Release|Any CPU
		{8572D452-A7F7-4CAE-9779-C4717CC9DA39}.Release|Any CPU.Build.0 = Release|Any CPU
		{3C09DDD1-A21C-4267-B525-873DB4CDC793}.Debug|Any CPU.ActiveCfg = Debug|Any CPU
		{3C09DDD1-A21C-4267-B525-873DB4CDC793}.Debug|Any CPU.Build.0 = Debug|Any CPU
		{3C09DDD1-A21C-4267-B525-873DB4CDC793}.Release|Any CPU.ActiveCfg = Release|Any CPU
		{3C09DDD1-A21C-4267-B525-873DB4CDC793}.Release|Any CPU.Build.0 = Release|Any CPU
		{0B760BCA-ED42-4CE3-90CF-A19BDAC0F673}.Debug|Any CPU.ActiveCfg = Debug|Any CPU
		{0B760BCA-ED42-4CE3-90CF-A19BDAC0F673}.Debug|Any CPU.Build.0 = Debug|Any CPU
		{0B760BCA-ED42-4CE3-90CF-A19BDAC0F673}.Release|Any CPU.ActiveCfg = Release|Any CPU
		{0B760BCA-ED42-4CE3-90CF-A19BDAC0F673}.Release|Any CPU.Build.0 = Release|Any CPU
		{1B66F961-C700-435B-A1F3-1B0F1412C709}.Debug|Any CPU.ActiveCfg = Debug|Any CPU
		{1B66F961-C700-435B-A1F3-1B0F1412C709}.Debug|Any CPU.Build.0 = Debug|Any CPU
		{1B66F961-C700-435B-A1F3-1B0F1412C709}.Release|Any CPU.ActiveCfg = Release|Any CPU
		{1B66F961-C700-435B-A1F3-1B0F1412C709}.Release|Any CPU.Build.0 = Release|Any CPU
		{9B51575A-CB4B-4562-B974-244B47E08EC5}.Debug|Any CPU.ActiveCfg = Debug|Any CPU
		{9B51575A-CB4B-4562-B974-244B47E08EC5}.Debug|Any CPU.Build.0 = Debug|Any CPU
		{9B51575A-CB4B-4562-B974-244B47E08EC5}.Release|Any CPU.ActiveCfg = Release|Any CPU
		{9B51575A-CB4B-4562-B974-244B47E08EC5}.Release|Any CPU.Build.0 = Release|Any CPU
	EndGlobalSection
	GlobalSection(SolutionProperties) = preSolution
		HideSolutionNode = FALSE
	EndGlobalSection
	GlobalSection(NestedProjects) = preSolution
		{1B66F961-C700-435B-A1F3-1B0F1412C709} = {AE11BD0E-144D-4032-B101-D22CD091E250}
	EndGlobalSection
	GlobalSection(ExtensibilityGlobals) = postSolution
		SolutionGuid = {50AD72C6-0945-46E7-9334-C91A47E44859}
	EndGlobalSection
EndGlobal
